{
  "name": "brikwars-statcard-gen",
  "lockfileVersion": 3,
  "requires": true,
  "packages": {
    "": {
      "dependencies": {
        "filepond": "^4.30.4",
        "jquery-filepond": "^1.0.0"
      }
    },
    "node_modules/filepond": {
      "version": "4.30.4",
      "resolved": "https://registry.npmjs.org/filepond/-/filepond-4.30.4.tgz",
      "integrity": "sha512-FCwsMvG9iiEs6uobdDrTaKsCgsqys0NuLgPPD8n37AYVYBiiDkrPkk9MSIU5rT2FahYcL1bScYI9huIPtlzqyA=="
    },
    "node_modules/jquery-filepond": {
      "version": "1.0.0",
      "resolved": "https://registry.npmjs.org/jquery-filepond/-/jquery-filepond-1.0.0.tgz",
      "integrity": "sha512-ONxFHUsDMfkHFhVn+GwE8XtEFE3WhSNun5+h3KxW1RiVs2pnnkO/3WvQ+IjnLP4ywVkzEgkNXJaguxPH4Wz3aw=="
    }
  }
}
